{
    "_readme": [
        "This file locks the dependencies of your project to a known state",
        "Read more about it at https://getcomposer.org/doc/01-basic-usage.md#composer-lock-the-lock-file",
        "This file is @generated automatically"
    ],
    "hash": "781d0782e6c1ca07c617041fb7ae428b",
    "content-hash": "f312526ac7a6e665b53a95d68377ec65",
    "packages": [
        {
            "name": "mollie/mollie-api-php",
            "version": "1.3.3",
            "source": {
                "type": "git",
                "url": "https://github.com/mollie/mollie-api-php.git",
                "reference": "731cb3874b3f54cad7ab9247fcd556faf8f0fde3"
            },
            "dist": {
                "type": "zip",
                "url": "https://api.github.com/repos/mollie/mollie-api-php/zipball/731cb3874b3f54cad7ab9247fcd556faf8f0fde3",
                "reference": "731cb3874b3f54cad7ab9247fcd556faf8f0fde3",
                "shasum": ""
            },
            "require-dev": {
                "phpunit/phpunit": "3.7.*"
            },
            "suggest": {
                "mollie/oauth2-mollie-php": "Use OAuth to authenticate with the Mollie API. This is needed for some endpoints. Visit https://mollie.com/en/docs for more information."
            },
            "type": "library",
            "autoload": {
                "psr-0": {
                    "": "src/"
                }
            },
            "notification-url": "http://packagist.org/downloads/",
            "license": [
                "BSD-2-Clause"
            ],
            "authors": [
                {
                    "name": "Mollie B.V.",
                    "email": "info@mollie.com"
                }
            ],
            "description": "Mollie API client library for PHP",
            "homepage": "https://github.com/mollie/mollie-api-php",
            "keywords": [
                "api",
                "bancontact",
                "banktransfer",
                "belfius",
                "belfius direct net",
                "bitcoin",
                "creditcard",
                "direct debit",
                "gateway",
                "ideal",
                "mistercash",
                "mollie",
                "payment",
                "payments",
                "paypal",
                "paysafecard",
                "podiumcadeaukaart",
                "refunds",
                "sepa",
                "service",
                "sofort",
                "sofortbanking"
            ],
            "time": "2015-12-16 09:53:21"
        }
    ],
    "packages-dev": [],
    "aliases": [],
    "minimum-stability": "stable",
    "stability-flags": [],
    "prefer-stable": false,
    "prefer-lowest": false,
    "platform": [],
    "platform-dev": []
}
